{
  "name": "release-test",
  "version": "0.0.0",
  "lockfileVersion": 3,
  "requires": true,
  "packages": {
    "": {
      "name": "release-test",
      "version": "0.0.0",
      "workspaces": [
        "packages/*"
      ]
    },
    "node_modules/@samuelmp/pkg-a": {
      "resolved": "packages/pkg-a",
      "link": true
    },
    "node_modules/@samuelmp/pkg-b": {
      "resolved": "packages/pkg-b",
      "link": true
    },
    "packages/pkg-a": {
      "name": "@samuelmp/pkg-a",
      "version": "1.0.2"
    },
    "packages/pkg-b": {
      "name": "@samuelmp/pkg-b",
      "version": "1.0.2",
      "dependencies": {
        "@samuelmp/pkg-a": "^1.0.2"
      }
    }
  }
}
